# This file is autogenerated, do not edit; changes may be undone by the next 'dep ensure'.


[[projects]]
  digest = "1:0e3c30694c9f3c284136c22a733cd119f6d7144a1e436eadfd1e5b9cdbeeefdf"
  name = "github.com/Financial-Times/go-fthealth"
  packages = ["v1_1"]
  pruneopts = "UT"
  revision = "1b007e2b37b7936dfb6671fa17e5a29fd35a08ea"
  version = "0.4.0"

[[projects]]
  digest = "1:3907ea588d8bd7e844ba96b924f92e0f0ceb8e548a64e394bb4a64855b23231b"
  name = "github.com/Financial-Times/go-logger"
  packages = [
    ".",
    "test",
  ]
  pruneopts = "UT"
  revision = "ec38b420999cfcbc86816afb47f365dad510450c"
  version = "0.0.3"

[[projects]]
  digest = "1:662ea14fe7a0dc09fa8644987d69f283e7bf295b890129d347a0d14bb882019a"
  name = "github.com/Financial-Times/message-queue-go-producer"
  packages = ["producer"]
  pruneopts = "UT"
  revision = "0bb065111416c0de78db51acb926ba3a3ae3c4e2"
  version = "0.2.0"

[[projects]]
  digest = "1:b5d1256554972b200522dd10dfe8a67a362fa0b5c2431479e8598a8e507a4949"
  name = "github.com/Financial-Times/message-queue-gonsumer"
  packages = ["consumer"]
  pruneopts = "UT"
  revision = "6f96a5cb1e34c4baa8bc64f56524a7f2e0092ed3"
  version = "0.4.0"

[[projects]]
  digest = "1:79842a99b682a84375be78f0c6ba316d784eb347f8db2354c3a68fee39a497da"
  name = "github.com/Financial-Times/service-status-go"
  packages = [
    "buildinfo",
    "gtg",
    "httphandlers",
  ]
  pruneopts = "UT"
  revision = "3f5199736a3d7ae52394c63aac36834786825e21"
  version = "0.1.0"

[[projects]]
  digest = "1:c6529f7e93e2449829fd25678420bbe4050c6013ff8a9c47a995df5e326e77a7"
  name = "github.com/Financial-Times/uuid-utils-go"
  packages = ["."]
  pruneopts = "UT"
  revision = "e22658edd0f130936e99079bf844bde7087c914c"
  version = "1.0.1"

[[projects]]
  digest = "1:a2c1d0e43bd3baaa071d1b9ed72c27d78169b2b269f71c105ac4ba34b1be4a39"
  name = "github.com/davecgh/go-spew"
  packages = ["spew"]
  pruneopts = "UT"
  revision = "346938d642f2ec3594ed81d874461961cd0faa76"
  version = "v1.1.0"

[[projects]]
  digest = "1:4dd70d4e47ff713e8b6f904894fec98e51fe276307a570934d0f9061757e6bf5"
  name = "github.com/gorilla/handlers"
  packages = ["."]
  pruneopts = "UT"
  revision = "a4043c62cc2329bacda331d33fc908ab11ef0ec3"
  version = "v1.2.1"

[[projects]]
  digest = "1:826df03282c5a336f1d23a07ce0ec0a26c7230e1a5d5a79a8ea4b68c0c8462b3"
  name = "github.com/hashicorp/go-version"
  packages = ["."]
  pruneopts = "UT"
  revision = "03c5bf6be031b6dd45afec16b1cf94fc8938bc77"

[[projects]]
  digest = "1:0bbc979cbe2bd7bbad6fa6db6464d66d458e1610235dcc8b66fb3b1254eae7c2"
  name = "github.com/jawher/mow.cli"
  packages = ["."]
  pruneopts = "UT"
  revision = "0de3d3b4ed00f261460d12ecde4efa90fbfcd8ed"

[[projects]]
  digest = "1:0028cb19b2e4c3112225cd871870f2d9cf49b9b4276531f03438a88e94be86fe"
  name = "github.com/pmezard/go-difflib"
  packages = ["difflib"]
  pruneopts = "UT"
  revision = "792786c7400a136282c1664665ae0a8db921c6c2"
  version = "v1.0.0"

[[projects]]
  digest = "1:e589afe1921e2b183b1cc58a06d7b36ee703a1fdb3cfc41370903c75a5d00b2a"
  name = "github.com/satori/go.uuid"
  packages = ["."]
  pruneopts = "UT"
  revision = "5bf94b69c6b68ee1b541973bb8e1144db23a194b"

[[projects]]
  digest = "1:2eb2a96eb2db6043168a7f191f1361bab8e10da3a330c54a9800cfba03d855b9"
  name = "github.com/sirupsen/logrus"
  packages = [
    ".",
    "hooks/test",
  ]
  pruneopts = "UT"
  revision = "768a92a02685ee7535069fc1581341b41bab9b72"

[[projects]]
  digest = "1:b566bbc018497ffb47060cab752ed1b899dea649c9cf1c6b54ae13b4f81f4d10"
  name = "github.com/stretchr/testify"
  packages = ["assert"]
  pruneopts = "UT"
  revision = "4d4bfba8f1d1027c4fdbe371823030df51419987"

[[projects]]
  digest = "1:12f34aeabd05ca073803da303997f954e8c4cbc9c25038c96ebd96d4baf956f5"
  name = "github.com/willf/bitset"
  packages = ["."]
  pruneopts = "UT"
  revision = "988f4f24992fc745de53c42df0da6581e42a6686"
  version = "v1.1.2"

[[projects]]
  digest = "1:38cb27d3525635c34e84e2dbc2207c37d10832776997665bf0ddaeae2c861f1f"
  name = "golang.org/x/crypto"
  packages = ["ssh/terminal"]
  pruneopts = "UT"
  revision = "1875d0a70c90e57f11972aefd42276df65e895b9"

[[projects]]
  digest = "1:c13f38cb4c5758bbc084ff39e191a1fe2ca2d8ee645500a179e89bd83494f2e1"
  name = "golang.org/x/sys"
  packages = [
    "unix",
    "windows",
  ]
  pruneopts = "UT"
  revision = "37707fdb30a5b38865cfb95e5aab41707daec7fd"

[solve-meta]
  analyzer-name = "dep"
  analyzer-version = 1
  input-imports = [
    "github.com/Financial-Times/go-fthealth/v1_1",
    "github.com/Financial-Times/go-logger",
    "github.com/Financial-Times/go-logger/test",
    "github.com/Financial-Times/message-queue-go-producer/producer",
    "github.com/Financial-Times/message-queue-gonsumer/consumer",
    "github.com/Financial-Times/service-status-go/gtg",
    "github.com/Financial-Times/service-status-go/httphandlers",
    "github.com/Financial-Times/uuid-utils-go",
    "github.com/gorilla/handlers",
    "github.com/jawher/mow.cli",
    "github.com/satori/go.uuid",
    "github.com/stretchr/testify/assert",
  ]
  solver-name = "gps-cdcl"
  solver-version = 1
